
Microsoft Visual Studio Solution File, Format Version 12.00
# Visual Studio Version 17
VisualStudioVersion = 17.2.32630.192
MinimumVisualStudioVersion = 10.0.40219.1
Project("{FAE04EC0-301F-11D3-BF4B-00C04F79EFBC}") = "LeapYearLogicalOp", "LeapYearLogicalOp.csproj", "{D5EB6D39-CB72-465A-A128-4C81B53DD99C}"
EndProject
Global
	GlobalSection(SolutionConfigurationPlatforms) = preSolution
		Debug|Any CPU = Debug|Any CPU
		Release|Any CPU = Release|Any CPU
	EndGlobalSection
	GlobalSection(ProjectConfigurationPlatforms) = postSolution
		{D5EB6D39-CB72-465A-A128-4C81B53DD99C}.Debug|Any CPU.ActiveCfg = Debug|Any CPU
		{D5EB6D39-CB72-465A-A128-4C81B53DD99C}.Debug|Any CPU.Build.0 = Debug|Any CPU
		{D5EB6D39-CB72-465A-A128-4C81B53DD99C}.Release|Any CPU.ActiveCfg = Release|Any CPU
		{D5EB6D39-CB72-465A-A128-4C81B53DD99C}.Release|Any CPU.Build.0 = Release|Any CPU
	EndGlobalSection
	GlobalSection(SolutionProperties) = preSolution
		HideSolutionNode = FALSE
	EndGlobalSection
	GlobalSection(ExtensibilityGlobals) = postSolution
		SolutionGuid = {074D51E6-DAEF-44E5-9754-16DE1EB5AC44}
	EndGlobalSection
EndGlobal
